// !$*UTF8*$!
{
	archiveVersion = 1;
	classes = {
	};
	objectVersion = 46;
	objects = {

/* Begin PBXBuildFile section */
		288DD67B1A6B7B1A0064802A /* main.m in Sources */ = {isa = PBXBuildFile; fileRef = 288DD67A1A6B7B1A0064802A /* main.m */; };
		288DD67E1A6B7B1A0064802A /* AppDelegate.m in Sources */ = {isa = PBXBuildFile; fileRef = 288DD67D1A6B7B1A0064802A /* AppDelegate.m */; };
		288DD6861A6B7B1A0064802A /* Images.xcassets in Resources */ = {isa = PBXBuildFile; fileRef = 288DD6851A6B7B1A0064802A /* Images.xcassets */; };
		288DD6891A6B7B1A0064802A /* LaunchScreen.xib in Resources */ = {isa = PBXBuildFile; fileRef = 288DD6871A6B7B1A0064802A /* LaunchScreen.xib */; };
		288DD6951A6B7B1A0064802A /* ColoredTableHeaderFooterTests.m in Sources */ = {isa = PBXBuildFile; fileRef = 288DD6941A6B7B1A0064802A /* ColoredTableHeaderFooterTests.m */; };
		288DD6A31A6B7B460064802A /* MyTableViewController.m in Sources */ = {isa = PBXBuildFile; fileRef = 288DD69F1A6B7B460064802A /* MyTableViewController.m */; };
		288DD6A41A6B7B460064802A /* MyTableViewHeaderFooterView.m in Sources */ = {isa = PBXBuildFile; fileRef = 288DD6A11A6B7B460064802A /* MyTableViewHeaderFooterView.m */; };
		288DD6A51A6B7B460064802A /* MySectionHeaderView.xib in Resources */ = {isa = PBXBuildFile; fileRef = 288DD6A21A6B7B460064802A /* MySectionHeaderView.xib */; };
		288DD6A71A6B7B5A0064802A /* Main.storyboard in Resources */ = {isa = PBXBuildFile; fileRef = 288DD6A61A6B7B5A0064802A /* Main.storyboard */; };
/* End PBXBuildFile section */

/* Begin PBXContainerItemProxy section */
		288DD68F1A6B7B1A0064802A /* PBXContainerItemProxy */ = {
			isa = PBXContainerItemProxy;
			containerPortal = 288DD66D1A6B7B1A0064802A /* Project object */;
			proxyType = 1;
			remoteGlobalIDString = 288DD6741A6B7B1A0064802A;
			remoteInfo = ColoredTableHeaderFooter;
		};
/* End PBXContainerItemProxy section */

/* Begin PBXFileReference section */
		288DD6751A6B7B1A0064802A /* ColoredTableHeaderFooter.app */ = {isa = PBXFileReference; explicitFileType = wrapper.application; includeInIndex = 0; path = ColoredTableHeaderFooter.app; sourceTree = BUILT_PRODUCTS_DIR; };
		288DD6791A6B7B1A0064802A /* Info.plist */ = {isa = PBXFileReference; lastKnownFileType = text.plist.xml; path = Info.plist; sourceTree = "<group>"; };
		288DD67A1A6B7B1A0064802A /* main.m */ = {isa = PBXFileReference; lastKnownFileType = sourcecode.c.objc; path = main.m; sourceTree = "<group>"; };
		288DD67C1A6B7B1A0064802A /* AppDelegate.h */ = {isa = PBXFileReference; lastKnownFileType = sourcecode.c.h; path = AppDelegate.h; sourceTree = "<group>"; };
		288DD67D1A6B7B1A0064802A /* AppDelegate.m */ = {isa = PBXFileReference; lastKnownFileType = sourcecode.c.objc; path = AppDelegate.m; sourceTree = "<group>"; };
		288DD6851A6B7B1A0064802A /* Images.xcassets */ = {isa = PBXFileReference; lastKnownFileType = folder.assetcatalog; path = Images.xcassets; sourceTree = "<group>"; };
		288DD6881A6B7B1A0064802A /* Base */ = {isa = PBXFileReference; lastKnownFileType = file.xib; name = Base; path = Base.lproj/LaunchScreen.xib; sourceTree = "<group>"; };
		288DD68E1A6B7B1A0064802A /* ColoredTableHeaderFooterTests.xctest */ = {isa = PBXFileReference; explicitFileType = wrapper.cfbundle; includeInIndex = 0; path = ColoredTableHeaderFooterTests.xctest; sourceTree = BUILT_PRODUCTS_DIR; };
		288DD6931A6B7B1A0064802A /* Info.plist */ = {isa = PBXFileReference; lastKnownFileType = text.plist.xml; path = Info.plist; sourceTree = "<group>"; };
		288DD6941A6B7B1A0064802A /* ColoredTableHeaderFooterTests.m */ = {isa = PBXFileReference; lastKnownFileType = sourcecode.c.objc; path = ColoredTableHeaderFooterTests.m; sourceTree = "<group>"; };
		288DD69E1A6B7B460064802A /* MyTableViewController.h */ = {isa = PBXFileReference; fileEncoding = 4; lastKnownFileType = sourcecode.c.h; path = MyTableViewController.h; sourceTree = "<group>"; };
		288DD69F1A6B7B460064802A /* MyTableViewController.m */ = {isa = PBXFileReference; fileEncoding = 4; lastKnownFileType = sourcecode.c.objc; path = MyTableViewController.m; sourceTree = "<group>"; };
		288DD6A01A6B7B460064802A /* MyTableViewHeaderFooterView.h */ = {isa = PBXFileReference; fileEncoding = 4; lastKnownFileType = sourcecode.c.h; path = MyTableViewHeaderFooterView.h; sourceTree = "<group>"; };
		288DD6A11A6B7B460064802A /* MyTableViewHeaderFooterView.m */ = {isa = PBXFileReference; fileEncoding = 4; lastKnownFileType = sourcecode.c.objc; path = MyTableViewHeaderFooterView.m; sourceTree = "<group>"; };
		288DD6A21A6B7B460064802A /* MySectionHeaderView.xib */ = {isa = PBXFileReference; fileEncoding = 4; lastKnownFileType = file.xib; path = MySectionHeaderView.xib; sourceTree = "<group>"; };
		288DD6A61A6B7B5A0064802A /* Main.storyboard */ = {isa = PBXFileReference; fileEncoding = 4; lastKnownFileType = file.storyboard; path = Main.storyboard; sourceTree = "<group>"; };
/* End PBXFileReference section */

/* Begin PBXFrameworksBuildPhase section */
		288DD6721A6B7B1A0064802A /* Frameworks */ = {
			isa = PBXFrameworksBuildPhase;
			buildActionMask = 2147483647;
			files = (
			);
			runOnlyForDeploymentPostprocessing = 0;
		};
		288DD68B1A6B7B1A0064802A /* Frameworks */ = {
			isa = PBXFrameworksBuildPhase;
			buildActionMask = 2147483647;
			files = (
			);
			runOnlyForDeploymentPostprocessing = 0;
		};
/* End PBXFrameworksBuildPhase section */

/* Begin PBXGroup section */
		288DD66C1A6B7B1A0064802A = {
			isa = PBXGroup;
			children = (
				288DD6771A6B7B1A0064802A /* ColoredTableHeaderFooter */,
				288DD6911A6B7B1A0064802A /* ColoredTableHeaderFooterTests */,
				288DD6761A6B7B1A0064802A /* Products */,
			);
			sourceTree = "<group>";
		};
		288DD6761A6B7B1A0064802A /* Products */ = {
			isa = PBXGroup;
			children = (
				288DD6751A6B7B1A0064802A /* ColoredTableHeaderFooter.app */,
				288DD68E1A6B7B1A0064802A /* ColoredTableHeaderFooterTests.xctest */,
			);
			name = Products;
			sourceTree = "<group>";
		};
		288DD6771A6B7B1A0064802A /* ColoredTableHeaderFooter */ = {
			isa = PBXGroup;
			children = (
				288DD67C1A6B7B1A0064802A /* AppDelegate.h */,
				288DD67D1A6B7B1A0064802A /* AppDelegate.m */,
				288DD69E1A6B7B460064802A /* MyTableViewController.h */,
				288DD69F1A6B7B460064802A /* MyTableViewController.m */,
				288DD6A01A6B7B460064802A /* MyTableViewHeaderFooterView.h */,
				288DD6A11A6B7B460064802A /* MyTableViewHeaderFooterView.m */,
				288DD6A21A6B7B460064802A /* MySectionHeaderView.xib */,
				288DD6A61A6B7B5A0064802A /* Main.storyboard */,
				288DD6851A6B7B1A0064802A /* Images.xcassets */,
				288DD6871A6B7B1A0064802A /* LaunchScreen.xib */,
				288DD6781A6B7B1A0064802A /* Supporting Files */,
			);
			path = ColoredTableHeaderFooter;
			sourceTree = "<group>";
		};
		288DD6781A6B7B1A0064802A /* Supporting Files */ = {
			isa = PBXGroup;
			children = (
				288DD6791A6B7B1A0064802A /* Info.plist */,
				288DD67A1A6B7B1A0064802A /* main.m */,
			);
			name = "Supporting Files";
			sourceTree = "<group>";
		};
		288DD6911A6B7B1A0064802A /* ColoredTableHeaderFooterTests */ = {
			isa = PBXGroup;
			children = (
				288DD6941A6B7B1A0064802A /* ColoredTableHeaderFooterTests.m */,
				288DD6921A6B7B1A0064802A /* Supporting Files */,
			);
			path = ColoredTableHeaderFooterTests;
			sourceTree = "<group>";
		};
		288DD6921A6B7B1A0064802A /* Supporting Files */ = {
			isa = PBXGroup;
			children = (
				288DD6931A6B7B1A0064802A /* Info.plist */,
			);
			name = "Supporting Files";
			sourceTree = "<group>";
		};
/* End PBXGroup section */

/* Begin PBXNativeTarget section */
		288DD6741A6B7B1A0064802A /* ColoredTableHeaderFooter */ = {
			isa = PBXNativeTarget;
			buildConfigurationList = 288DD6981A6B7B1A0064802A /* Build configuration list for PBXNativeTarget "ColoredTableHeaderFooter" */;
			buildPhases = (
				288DD6711A6B7B1A0064802A /* Sources */,
				288DD6721A6B7B1A0064802A /* Frameworks */,
				288DD6731A6B7B1A0064802A /* Resources */,
			);
			buildRules = (
			);
			dependencies = (
			);
			name = ColoredTableHeaderFooter;
			productName = ColoredTableHeaderFooter;
			productReference = 288DD6751A6B7B1A0064802A /* ColoredTableHeaderFooter.app */;
			productType = "com.apple.product-type.application";
		};
		288DD68D1A6B7B1A0064802A /* ColoredTableHeaderFooterTests */ = {
			isa = PBXNativeTarget;
			buildConfigurationList = 288DD69B1A6B7B1A0064802A /* Build configuration list for PBXNativeTarget "ColoredTableHeaderFooterTests" */;
			buildPhases = (
				288DD68A1A6B7B1A0064802A /* Sources */,
				288DD68B1A6B7B1A0064802A /* Frameworks */,
				288DD68C1A6B7B1A0064802A /* Resources */,
			);
			buildRules = (
			);
			dependencies = (
				288DD6901A6B7B1A0064802A /* PBXTargetDependency */,
			);
			name = ColoredTableHeaderFooterTests;
			productName = ColoredTableHeaderFooterTests;
			productReference = 288DD68E1A6B7B1A0064802A /* ColoredTableHeaderFooterTests.xctest */;
			productType = "com.apple.product-type.bundle.unit-test";
		};
/* End PBXNativeTarget section */

/* Begin PBXProject section */
		288DD66D1A6B7B1A0064802A /* Project object */ = {
			isa = PBXProject;
			attributes = {
				LastUpgradeCheck = 0610;
				ORGANIZATIONNAME = "Markus Schmid";
				TargetAttributes = {
					288DD6741A6B7B1A0064802A = {
						CreatedOnToolsVersion = 6.1.1;
					};
					288DD68D1A6B7B1A0064802A = {
						CreatedOnToolsVersion = 6.1.1;
						TestTargetID = 288DD6741A6B7B1A0064802A;
					};
				};
			};
			buildConfigurationList = 288DD6701A6B7B1A0064802A /* Build configuration list for PBXProject "ColoredTableHeaderFooter" */;
			compatibilityVersion = "Xcode 3.2";
			developmentRegion = English;
			hasScannedForEncodings = 0;
			knownRegions = (
				en,
				Base,
			);
			mainGroup = 288DD66C1A6B7B1A0064802A;
			productRefGroup = 288DD6761A6B7B1A0064802A /* Products */;
			projectDirPath = "";
			projectRoot = "";
			targets = (
				288DD6741A6B7B1A0064802A /* ColoredTableHeaderFooter */,
				288DD68D1A6B7B1A0064802A /* ColoredTableHeaderFooterTests */,
			);
		};
/* End PBXProject section */

/* Begin PBXResourcesBuildPhase section */
		288DD6731A6B7B1A0064802A /* Resources */ = {
			isa = PBXResourcesBuildPhase;
			buildActionMask = 2147483647;
			files = (
				288DD6891A6B7B1A0064802A /* LaunchScreen.xib in Resources */,
				288DD6861A6B7B1A0064802A /* Images.xcassets in Resources */,
				288DD6A51A6B7B460064802A /* MySectionHeaderView.xib in Resources */,
				288DD6A71A6B7B5A0064802A /* Main.storyboard in Resources */,
			);
			runOnlyForDeploymentPostprocessing = 0;
		};
		288DD68C1A6B7B1A0064802A /* Resources */ = {
			isa = PBXResourcesBuildPhase;
			buildActionMask = 2147483647;
			files = (
			);
			runOnlyForDeploymentPostprocessing = 0;
		};
/* End PBXResourcesBuildPhase section */

/* Begin PBXSourcesBuildPhase section */
		288DD6711A6B7B1A0064802A /* Sources */ = {
			isa = PBXSourcesBuildPhase;
			buildActionMask = 2147483647;
			files = (
				288DD6A41A6B7B460064802A /* MyTableViewHeaderFooterView.m in Sources */,
				288DD6A31A6B7B460064802A /* MyTableViewController.m in Sources */,
				288DD67E1A6B7B1A0064802A /* AppDelegate.m in Sources */,
				288DD67B1A6B7B1A0064802A /* main.m in Sources */,
			);
			runOnlyForDeploymentPostprocessing = 0;
		};
		288DD68A1A6B7B1A0064802A /* Sources */ = {
			isa = PBXSourcesBuildPhase;
			buildActionMask = 2147483647;
			files = (
				288DD6951A6B7B1A0064802A /* ColoredTableHeaderFooterTests.m in Sources */,
			);
			runOnlyForDeploymentPostprocessing = 0;
		};
/* End PBXSourcesBuildPhase section */

/* Begin PBXTargetDependency section */
		288DD6901A6B7B1A0064802A /* PBXTargetDependency */ = {
			isa = PBXTargetDependency;
			target = 288DD6741A6B7B1A0064802A /* ColoredTableHeaderFooter */;
			targetProxy = 288DD68F1A6B7B1A0064802A /* PBXContainerItemProxy */;
		};
/* End PBXTargetDependency section */

/* Begin PBXVariantGroup section */
		288DD6871A6B7B1A0064802A /* LaunchScreen.xib */ = {
			isa = PBXVariantGroup;
			children = (
				288DD6881A6B7B1A0064802A /* Base */,
			);
			name = LaunchScreen.xib;
			sourceTree = "<group>";
		};
/* End PBXVariantGroup section */

/* Begin XCBuildConfiguration section */
		288DD6961A6B7B1A0064802A /* Debug */ = {
			isa = XCBuildConfiguration;
			buildSettings = {
				ALWAYS_SEARCH_USER_PATHS = NO;
				CLANG_CXX_LANGUAGE_STANDARD = "gnu++0x";
				CLANG_CXX_LIBRARY = "libc++";
				CLANG_ENABLE_MODULES = YES;
				CLANG_ENABLE_OBJC_ARC = YES;
				CLANG_WARN_BOOL_CONVERSION = YES;
				CLANG_WARN_CONSTANT_CONVERSION = YES;
				CLANG_WARN_DIRECT_OBJC_ISA_USAGE = YES_ERROR;
				CLANG_WARN_EMPTY_BODY = YES;
				CLANG_WARN_ENUM_CONVERSION = YES;
				CLANG_WARN_INT_CONVERSION = YES;
				CLANG_WARN_OBJC_ROOT_CLASS = YES_ERROR;
				CLANG_WARN_UNREACHABLE_CODE = YES;
				CLANG_WARN__DUPLICATE_METHOD_MATCH = YES;
				"CODE_SIGN_IDENTITY[sdk=iphoneos*]" = "iPhone Developer";
				COPY_PHASE_STRIP = NO;
				ENABLE_STRICT_OBJC_MSGSEND = YES;
				GCC_C_LANGUAGE_STANDARD = gnu99;
				GCC_DYNAMIC_NO_PIC = NO;
				GCC_OPTIMIZATION_LEVEL = 0;
				GCC_PREPROCESSOR_DEFINITIONS = (
					"DEBUG=1",
					"$(inherited)",
				);
				GCC_SYMBOLS_PRIVATE_EXTERN = NO;
				GCC_WARN_64_TO_32_BIT_CONVERSION = YES;
				GCC_WARN_ABOUT_RETURN_TYPE = YES_ERROR;
				GCC_WARN_UNDECLARED_SELECTOR = YES;
				GCC_WARN_UNINITIALIZED_AUTOS = YES_AGGRESSIVE;
				GCC_WARN_UNUSED_FUNCTION = YES;
				GCC_WARN_UNUSED_VARIABLE = YES;
				IPHONEOS_DEPLOYMENT_TARGET = 8.1;
				MTL_ENABLE_DEBUG_INFO = YES;
				ONLY_ACTIVE_ARCH = YES;
				SDKROOT = iphoneos;
			};
			name = Debug;
		};
		288DD6971A6B7B1A0064802A /* Release */ = {
			isa = XCBuildConfiguration;
			buildSettings = {
				ALWAYS_SEARCH_USER_PATHS = NO;
				CLANG_CXX_LANGUAGE_STANDARD = "gnu++0x";
				CLANG_CXX_LIBRARY = "libc++";
				CLANG_ENABLE_MODULES = YES;
				CLANG_ENABLE_OBJC_ARC = YES;
				CLANG_WARN_BOOL_CONVERSION = YES;
				CLANG_WARN_CONSTANT_CONVERSION = YES;
				CLANG_WARN_DIRECT_OBJC_ISA_USAGE = YES_ERROR;
				CLANG_WARN_EMPTY_BODY = YES;
				CLANG_WARN_ENUM_CONVERSION = YES;
				CLANG_WARN_INT_CONVERSION = YES;
				CLANG_WARN_OBJC_ROOT_CLASS = YES_ERROR;
				CLANG_WARN_UNREACHABLE_CODE = YES;
				CLANG_WARN__DUPLICATE_METHOD_MATCH = YES;
				"CODE_SIGN_IDENTITY[sdk=iphoneos*]" = "iPhone Developer";
				COPY_PHASE_STRIP = YES;
				ENABLE_NS_ASSERTIONS = NO;
				ENABLE_STRICT_OBJC_MSGSEND = YES;
				GCC_C_LANGUAGE_STANDARD = gnu99;
				GCC_WARN_64_TO_32_BIT_CONVERSION = YES;
				GCC_WARN_ABOUT_RETURN_TYPE = YES_ERROR;
				GCC_WARN_UNDECLARED_SELECTOR = YES;
				GCC_WARN_UNINITIALIZED_AUTOS = YES_AGGRESSIVE;
				GCC_WARN_UNUSED_FUNCTION = YES;
				GCC_WARN_UNUSED_VARIABLE = YES;
				IPHONEOS_DEPLOYMENT_TARGET = 8.1;
				MTL_ENABLE_DEBUG_INFO = NO;
				SDKROOT = iphoneos;
				VALIDATE_PRODUCT = YES;
			};
			name = Release;
		};
		288DD6991A6B7B1A0064802A /* Debug */ = {
			isa = XCBuildConfiguration;
			buildSettings = {
				ASSETCATALOG_COMPILER_APPICON_NAME = AppIcon;
				INFOPLIST_FILE = ColoredTableHeaderFooter/Info.plist;
				LD_RUNPATH_SEARCH_PATHS = "$(inherited) @executable_path/Frameworks";
				PRODUCT_NAME = "$(TARGET_NAME)";
			};
			name = Debug;
		};
		288DD69A1A6B7B1A0064802A /* Release */ = {
			isa = XCBuildConfiguration;
			buildSettings = {
				ASSETCATALOG_COMPILER_APPICON_NAME = AppIcon;
				INFOPLIST_FILE = ColoredTableHeaderFooter/Info.plist;
				LD_RUNPATH_SEARCH_PATHS = "$(inherited) @executable_path/Frameworks";
				PRODUCT_NAME = "$(TARGET_NAME)";
			};
			name = Release;
		};
		288DD69C1A6B7B1A0064802A /* Debug */ = {
			isa = XCBuildConfiguration;
			buildSettings = {
				BUNDLE_LOADER = "$(TEST_HOST)";
				FRAMEWORK_SEARCH_PATHS = (
					"$(SDKROOT)/Developer/Library/Frameworks",
					"$(inherited)",
				);
				GCC_PREPROCESSOR_DEFINITIONS = (
					"DEBUG=1",
					"$(inherited)",
				);
				INFOPLIST_FILE = ColoredTableHeaderFooterTests/Info.plist;
				LD_RUNPATH_SEARCH_PATHS = "$(inherited) @executable_path/Frameworks @loader_path/Frameworks";
				PRODUCT_NAME = "$(TARGET_NAME)";
				TEST_HOST = "$(BUILT_PRODUCTS_DIR)/ColoredTableHeaderFooter.app/ColoredTableHeaderFooter";
			};
			name = Debug;
		};
		288DD69D1A6B7B1A0064802A /* Release */ = {
			isa = XCBuildConfiguration;
			buildSettings = {
				BUNDLE_LOADER = "$(TEST_HOST)";
				FRAMEWORK_SEARCH_PATHS = (
					"$(SDKROOT)/Developer/Library/Frameworks",
					"$(inherited)",
				);
				INFOPLIST_FILE = ColoredTableHeaderFooterTests/Info.plist;
				LD_RUNPATH_SEARCH_PATHS = "$(inherited) @executable_path/Frameworks @loader_path/Frameworks";
				PRODUCT_NAME = "$(TARGET_NAME)";
				TEST_HOST = "$(BUILT_PRODUCTS_DIR)/ColoredTableHeaderFooter.app/ColoredTableHeaderFooter";
			};
			name = Release;
		};
/* End XCBuildConfiguration section */

/* Begin XCConfigurationList section */
		288DD6701A6B7B1A0064802A /* Build configuration list for PBXProject "ColoredTableHeaderFooter" */ = {
			isa = XCConfigurationList;
			buildConfigurations = (
				288DD6961A6B7B1A0064802A /* Debug */,
				288DD6971A6B7B1A0064802A /* Release */,
			);
			defaultConfigurationIsVisible = 0;
			defaultConfigurationName = Release;
		};
		288DD6981A6B7B1A0064802A /* Build configuration list for PBXNativeTarget "ColoredTableHeaderFooter" */ = {
			isa = XCConfigurationList;
			buildConfigurations = (
				288DD6991A6B7B1A0064802A /* Debug */,
				288DD69A1A6B7B1A0064802A /* Release */,
			);
			defaultConfigurationIsVisible = 0;
		};
		288DD69B1A6B7B1A0064802A /* Build configuration list for PBXNativeTarget "ColoredTableHeaderFooterTests" */ = {
			isa = XCConfigurationList;
			buildConfigurations = (
				288DD69C1A6B7B1A0064802A /* Debug */,
				288DD69D1A6B7B1A0064802A /* Release */,
			);
			defaultConfigurationIsVisible = 0;
		};
/* End XCConfigurationList section */
	};
	rootObject = 288DD66D1A6B7B1A0064802A /* Project object */;
}
